
Microsoft Visual Studio Solution File, Format Version 12.00
# Visual Studio Version 17
VisualStudioVersion = 17.9.34902.65
MinimumVisualStudioVersion = 10.0.40219.1
Project("{FAE04EC0-301F-11D3-BF4B-00C04F79EFBC}") = "TimeLog", "TimeLog\TimeLog.csproj", "{8B70C390-C432-4C62-BAA0-B0E0EDD37FAA}"
EndProject
Global
	GlobalSection(SolutionConfigurationPlatforms) = preSolution
		Debug|Any CPU = Debug|Any CPU
		Release|Any CPU = Release|Any CPU
	EndGlobalSection
	GlobalSection(ProjectConfigurationPlatforms) = postSolution
		{8B70C390-C432-4C62-BAA0-B0E0EDD37FAA}.Debug|Any CPU.ActiveCfg = Debug|Any CPU
		{8B70C390-C432-4C62-BAA0-B0E0EDD37FAA}.Debug|Any CPU.Build.0 = Debug|Any CPU
		{8B70C390-C432-4C62-BAA0-B0E0EDD37FAA}.Release|Any CPU.ActiveCfg = Release|Any CPU
		{8B70C390-C432-4C62-BAA0-B0E0EDD37FAA}.Release|Any CPU.Build.0 = Release|Any CPU
	EndGlobalSection
	GlobalSection(SolutionProperties) = preSolution
		HideSolutionNode = FALSE
	EndGlobalSection
	GlobalSection(ExtensibilityGlobals) = postSolution
		SolutionGuid = {8ED85109-F052-4F9E-A7F3-A0C29B35C6C4}
	EndGlobalSection
EndGlobal
